
Microsoft Visual Studio Solution File, Format Version 12.00
# Visual Studio 15
VisualStudioVersion = 15.0.27004.2006
MinimumVisualStudioVersion = 10.0.40219.1
Project("{FAE04EC0-301F-11D3-BF4B-00C04F79EFBC}") = "CityWeather.Core", "CityWeather.Core\CityWeather.Core\CityWeather.Core.csproj", "{31DBBE2B-0367-4C1C-926F-AB95CE0D25CA}"
EndProject
Project("{FAE04EC0-301F-11D3-BF4B-00C04F79EFBC}") = "CityWeather.Touch", "CityWeather.Touch\CityWeather.Touch.csproj", "{493DF8F5-445F-470E-9034-00F896A02D5B}"
EndProject
Project("{FAE04EC0-301F-11D3-BF4B-00C04F79EFBC}") = "CityWeather.Droid", "CityWeather.Droid\CityWeather.Droid.csproj", "{49967B6B-1B1F-4D41-A880-0A336A71165C}"
EndProject
Project("{2150E333-8FDC-42A3-9474-1A3956D46DE8}") = "Targets", "Targets", "{8AD601BB-7B94-4E71-A966-EA85EC139835}"
EndProject
Project("{2150E333-8FDC-42A3-9474-1A3956D46DE8}") = "Tests", "Tests", "{1147EABE-8738-401E-9ED9-8D4FDDBD0A34}"
EndProject
Project("{FAE04EC0-301F-11D3-BF4B-00C04F79EFBC}") = "CirtyWeather.Test", "CirtyWeather.Test\CirtyWeather.Test.csproj", "{243FDA22-6777-4145-A71D-9F89C0B2CE5B}"
EndProject
Project("{FAE04EC0-301F-11D3-BF4B-00C04F79EFBC}") = "CityWeather.Specs", "CityWeather.Specs\CityWeather.Specs.csproj", "{DA4A2ED0-164E-4C0A-BD21-C42EB7DDFC63}"
EndProject
Global
	GlobalSection(SolutionConfigurationPlatforms) = preSolution
		Ad-Hoc|Any CPU = Ad-Hoc|Any CPU
		Ad-Hoc|ARM = Ad-Hoc|ARM
		Ad-Hoc|iPhone = Ad-Hoc|iPhone
		Ad-Hoc|iPhoneSimulator = Ad-Hoc|iPhoneSimulator
		Ad-Hoc|x64 = Ad-Hoc|x64
		Ad-Hoc|x86 = Ad-Hoc|x86
		AppStore|Any CPU = AppStore|Any CPU
		AppStore|ARM = AppStore|ARM
		AppStore|iPhone = AppStore|iPhone
		AppStore|iPhoneSimulator = AppStore|iPhoneSimulator
		AppStore|x64 = AppStore|x64
		AppStore|x86 = AppStore|x86
		Debug|Any CPU = Debug|Any CPU
		Debug|ARM = Debug|ARM
		Debug|iPhone = Debug|iPhone
		Debug|iPhoneSimulator = Debug|iPhoneSimulator
		Debug|x64 = Debug|x64
		Debug|x86 = Debug|x86
		Release|Any CPU = Release|Any CPU
		Release|ARM = Release|ARM
		Release|iPhone = Release|iPhone
		Release|iPhoneSimulator = Release|iPhoneSimulator
		Release|x64 = Release|x64
		Release|x86 = Release|x86
	EndGlobalSection
	GlobalSection(ProjectConfigurationPlatforms) = postSolution
		{31DBBE2B-0367-4C1C-926F-AB95CE0D25CA}.Ad-Hoc|Any CPU.ActiveCfg = Release|Any CPU
		{31DBBE2B-0367-4C1C-926F-AB95CE0D25CA}.Ad-Hoc|Any CPU.Build.0 = Release|Any CPU
		{31DBBE2B-0367-4C1C-926F-AB95CE0D25CA}.Ad-Hoc|ARM.ActiveCfg = Release|Any CPU
		{31DBBE2B-0367-4C1C-926F-AB95CE0D25CA}.Ad-Hoc|ARM.Build.0 = Release|Any CPU
		{31DBBE2B-0367-4C1C-926F-AB95CE0D25CA}.Ad-Hoc|iPhone.ActiveCfg = Release|Any CPU
		{31DBBE2B-0367-4C1C-926F-AB95CE0D25CA}.Ad-Hoc|iPhone.Build.0 = Release|Any CPU
		{31DBBE2B-0367-4C1C-926F-AB95CE0D25CA}.Ad-Hoc|iPhoneSimulator.ActiveCfg = Release|Any CPU
		{31DBBE2B-0367-4C1C-926F-AB95CE0D25CA}.Ad-Hoc|iPhoneSimulator.Build.0 = Release|Any CPU
		{31DBBE2B-0367-4C1C-926F-AB95CE0D25CA}.Ad-Hoc|x64.ActiveCfg = Release|Any CPU
		{31DBBE2B-0367-4C1C-926F-AB95CE0D25CA}.Ad-Hoc|x64.Build.0 = Release|Any CPU
		{31DBBE2B-0367-4C1C-926F-AB95CE0D25CA}.Ad-Hoc|x86.ActiveCfg = Release|Any CPU
		{31DBBE2B-0367-4C1C-926F-AB95CE0D25CA}.Ad-Hoc|x86.Build.0 = Release|Any CPU
		{31DBBE2B-0367-4C1C-926F-AB95CE0D25CA}.AppStore|Any CPU.ActiveCfg = Release|Any CPU
		{31DBBE2B-0367-4C1C-926F-AB95CE0D25CA}.AppStore|Any CPU.Build.0 = Release|Any CPU
		{31DBBE2B-0367-4C1C-926F-AB95CE0D25CA}.AppStore|ARM.ActiveCfg = Release|Any CPU
		{31DBBE2B-0367-4C1C-926F-AB95CE0D25CA}.AppStore|ARM.Build.0 = Release|Any CPU
		{31DBBE2B-0367-4C1C-926F-AB95CE0D25CA}.AppStore|iPhone.ActiveCfg = Release|Any CPU
		{31DBBE2B-0367-4C1C-926F-AB95CE0D25CA}.AppStore|iPhone.Build.0 = Release|Any CPU
		{31DBBE2B-0367-4C1C-926F-AB95CE0D25CA}.AppStore|iPhoneSimulator.ActiveCfg = Release|Any CPU
		{31DBBE2B-0367-4C1C-926F-AB95CE0D25CA}.AppStore|iPhoneSimulator.Build.0 = Release|Any CPU
		{31DBBE2B-0367-4C1C-926F-AB95CE0D25CA}.AppStore|x64.ActiveCfg = Release|Any CPU
		{31DBBE2B-0367-4C1C-926F-AB95CE0D25CA}.AppStore|x64.Build.0 = Release|Any CPU
		{31DBBE2B-0367-4C1C-926F-AB95CE0D25CA}.AppStore|x86.ActiveCfg = Release|Any CPU
		{31DBBE2B-0367-4C1C-926F-AB95CE0D25CA}.AppStore|x86.Build.0 = Release|Any CPU
		{31DBBE2B-0367-4C1C-926F-AB95CE0D25CA}.Debug|Any CPU.ActiveCfg = Debug|Any CPU
		{31DBBE2B-0367-4C1C-926F-AB95CE0D25CA}.Debug|Any CPU.Build.0 = Debug|Any CPU
		{31DBBE2B-0367-4C1C-926F-AB95CE0D25CA}.Debug|ARM.ActiveCfg = Debug|Any CPU
		{31DBBE2B-0367-4C1C-926F-AB95CE0D25CA}.Debug|ARM.Build.0 = Debug|Any CPU
		{31DBBE2B-0367-4C1C-926F-AB95CE0D25CA}.Debug|iPhone.ActiveCfg = Debug|Any CPU
		{31DBBE2B-0367-4C1C-926F-AB95CE0D25CA}.Debug|iPhone.Build.0 = Debug|Any CPU
		{31DBBE2B-0367-4C1C-926F-AB95CE0D25CA}.Debug|iPhoneSimulator.ActiveCfg = Debug|Any CPU
		{31DBBE2B-0367-4C1C-926F-AB95CE0D25CA}.Debug|iPhoneSimulator.Build.0 = Debug|Any CPU
		{31DBBE2B-0367-4C1C-926F-AB95CE0D25CA}.Debug|x64.ActiveCfg = Debug|Any CPU
		{31DBBE2B-0367-4C1C-926F-AB95CE0D25CA}.Debug|x64.Build.0 = Debug|Any CPU
		{31DBBE2B-0367-4C1C-926F-AB95CE0D25CA}.Debug|x86.ActiveCfg = Debug|Any CPU
		{31DBBE2B-0367-4C1C-926F-AB95CE0D25CA}.Debug|x86.Build.0 = Debug|Any CPU
		{31DBBE2B-0367-4C1C-926F-AB95CE0D25CA}.Release|Any CPU.ActiveCfg = Release|Any CPU
		{31DBBE2B-0367-4C1C-926F-AB95CE0D25CA}.Release|Any CPU.Build.0 = Release|Any CPU
		{31DBBE2B-0367-4C1C-926F-AB95CE0D25CA}.Release|ARM.ActiveCfg = Release|Any CPU
		{31DBBE2B-0367-4C1C-926F-AB95CE0D25CA}.Release|ARM.Build.0 = Release|Any CPU
		{31DBBE2B-0367-4C1C-926F-AB95CE0D25CA}.Release|iPhone.ActiveCfg = Release|Any CPU
		{31DBBE2B-0367-4C1C-926F-AB95CE0D25CA}.Release|iPhone.Build.0 = Release|Any CPU
		{31DBBE2B-0367-4C1C-926F-AB95CE0D25CA}.Release|iPhoneSimulator.ActiveCfg = Release|Any CPU
		{31DBBE2B-0367-4C1C-926F-AB95CE0D25CA}.Release|iPhoneSimulator.Build.0 = Release|Any CPU
		{31DBBE2B-0367-4C1C-926F-AB95CE0D25CA}.Release|x64.ActiveCfg = Release|Any CPU
		{31DBBE2B-0367-4C1C-926F-AB95CE0D25CA}.Release|x64.Build.0 = Release|Any CPU
		{31DBBE2B-0367-4C1C-926F-AB95CE0D25CA}.Release|x86.ActiveCfg = Release|Any CPU
		{31DBBE2B-0367-4C1C-926F-AB95CE0D25CA}.Release|x86.Build.0 = Release|Any CPU
		{493DF8F5-445F-470E-9034-00F896A02D5B}.Ad-Hoc|Any CPU.ActiveCfg = Ad-Hoc|iPhone
		{493DF8F5-445F-470E-9034-00F896A02D5B}.Ad-Hoc|ARM.ActiveCfg = Ad-Hoc|iPhone
		{493DF8F5-445F-470E-9034-00F896A02D5B}.Ad-Hoc|iPhone.ActiveCfg = Ad-Hoc|iPhone
		{493DF8F5-445F-470E-9034-00F896A02D5B}.Ad-Hoc|iPhone.Build.0 = Ad-Hoc|iPhone
		{493DF8F5-445F-470E-9034-00F896A02D5B}.Ad-Hoc|iPhoneSimulator.ActiveCfg = Ad-Hoc|iPhoneSimulator
		{493DF8F5-445F-470E-9034-00F896A02D5B}.Ad-Hoc|iPhoneSimulator.Build.0 = Ad-Hoc|iPhoneSimulator
		{493DF8F5-445F-470E-9034-00F896A02D5B}.Ad-Hoc|x64.ActiveCfg = Ad-Hoc|iPhone
		{493DF8F5-445F-470E-9034-00F896A02D5B}.Ad-Hoc|x86.ActiveCfg = Ad-Hoc|iPhone
		{493DF8F5-445F-470E-9034-00F896A02D5B}.AppStore|Any CPU.ActiveCfg = AppStore|iPhone
		{493DF8F5-445F-470E-9034-00F896A02D5B}.AppStore|ARM.ActiveCfg = AppStore|iPhone
		{493DF8F5-445F-470E-9034-00F896A02D5B}.AppStore|iPhone.ActiveCfg = AppStore|iPhone
		{493DF8F5-445F-470E-9034-00F896A02D5B}.AppStore|iPhone.Build.0 = AppStore|iPhone
		{493DF8F5-445F-470E-9034-00F896A02D5B}.AppStore|iPhoneSimulator.ActiveCfg = AppStore|iPhoneSimulator
		{493DF8F5-445F-470E-9034-00F896A02D5B}.AppStore|iPhoneSimulator.Build.0 = AppStore|iPhoneSimulator
		{493DF8F5-445F-470E-9034-00F896A02D5B}.AppStore|x64.ActiveCfg = AppStore|iPhone
		{493DF8F5-445F-470E-9034-00F896A02D5B}.AppStore|x86.ActiveCfg = AppStore|iPhone
		{493DF8F5-445F-470E-9034-00F896A02D5B}.Debug|Any CPU.ActiveCfg = Debug|iPhone
		{493DF8F5-445F-470E-9034-00F896A02D5B}.Debug|ARM.ActiveCfg = Debug|iPhone
		{493DF8F5-445F-470E-9034-00F896A02D5B}.Debug|iPhone.ActiveCfg = Debug|iPhone
		{493DF8F5-445F-470E-9034-00F896A02D5B}.Debug|iPhone.Build.0 = Debug|iPhone
		{493DF8F5-445F-470E-9034-00F896A02D5B}.Debug|iPhoneSimulator.ActiveCfg = Debug|iPhoneSimulator
		{493DF8F5-445F-470E-9034-00F896A02D5B}.Debug|iPhoneSimulator.Build.0 = Debug|iPhoneSimulator
		{493DF8F5-445F-470E-9034-00F896A02D5B}.Debug|x64.ActiveCfg = Debug|iPhone
		{493DF8F5-445F-470E-9034-00F896A02D5B}.Debug|x86.ActiveCfg = Debug|iPhone
		{493DF8F5-445F-470E-9034-00F896A02D5B}.Release|Any CPU.ActiveCfg = Release|iPhone
		{493DF8F5-445F-470E-9034-00F896A02D5B}.Release|ARM.ActiveCfg = Release|iPhone
		{493DF8F5-445F-470E-9034-00F896A02D5B}.Release|iPhone.ActiveCfg = Release|iPhone
		{493DF8F5-445F-470E-9034-00F896A02D5B}.Release|iPhone.Build.0 = Release|iPhone
		{493DF8F5-445F-470E-9034-00F896A02D5B}.Release|iPhoneSimulator.ActiveCfg = Release|iPhoneSimulator
		{493DF8F5-445F-470E-9034-00F896A02D5B}.Release|iPhoneSimulator.Build.0 = Release|iPhoneSimulator
		{493DF8F5-445F-470E-9034-00F896A02D5B}.Release|x64.ActiveCfg = Release|iPhone
		{493DF8F5-445F-470E-9034-00F896A02D5B}.Release|x86.ActiveCfg = Release|iPhone
		{49967B6B-1B1F-4D41-A880-0A336A71165C}.Ad-Hoc|Any CPU.ActiveCfg = Release|Any CPU
		{49967B6B-1B1F-4D41-A880-0A336A71165C}.Ad-Hoc|Any CPU.Build.0 = Release|Any CPU
		{49967B6B-1B1F-4D41-A880-0A336A71165C}.Ad-Hoc|Any CPU.Deploy.0 = Release|Any CPU
		{49967B6B-1B1F-4D41-A880-0A336A71165C}.Ad-Hoc|ARM.ActiveCfg = Release|Any CPU
		{49967B6B-1B1F-4D41-A880-0A336A71165C}.Ad-Hoc|ARM.Build.0 = Release|Any CPU
		{49967B6B-1B1F-4D41-A880-0A336A71165C}.Ad-Hoc|ARM.Deploy.0 = Release|Any CPU
		{49967B6B-1B1F-4D41-A880-0A336A71165C}.Ad-Hoc|iPhone.ActiveCfg = Release|Any CPU
		{49967B6B-1B1F-4D41-A880-0A336A71165C}.Ad-Hoc|iPhone.Build.0 = Release|Any CPU
		{49967B6B-1B1F-4D41-A880-0A336A71165C}.Ad-Hoc|iPhone.Deploy.0 = Release|Any CPU
		{49967B6B-1B1F-4D41-A880-0A336A71165C}.Ad-Hoc|iPhoneSimulator.ActiveCfg = Release|Any CPU
		{49967B6B-1B1F-4D41-A880-0A336A71165C}.Ad-Hoc|iPhoneSimulator.Build.0 = Release|Any CPU
		{49967B6B-1B1F-4D41-A880-0A336A71165C}.Ad-Hoc|iPhoneSimulator.Deploy.0 = Release|Any CPU
		{49967B6B-1B1F-4D41-A880-0A336A71165C}.Ad-Hoc|x64.ActiveCfg = Release|Any CPU
		{49967B6B-1B1F-4D41-A880-0A336A71165C}.Ad-Hoc|x64.Build.0 = Release|Any CPU
		{49967B6B-1B1F-4D41-A880-0A336A71165C}.Ad-Hoc|x64.Deploy.0 = Release|Any CPU
		{49967B6B-1B1F-4D41-A880-0A336A71165C}.Ad-Hoc|x86.ActiveCfg = Release|Any CPU
		{49967B6B-1B1F-4D41-A880-0A336A71165C}.Ad-Hoc|x86.Build.0 = Release|Any CPU
		{49967B6B-1B1F-4D41-A880-0A336A71165C}.Ad-Hoc|x86.Deploy.0 = Release|Any CPU
		{49967B6B-1B1F-4D41-A880-0A336A71165C}.AppStore|Any CPU.ActiveCfg = Release|Any CPU
		{49967B6B-1B1F-4D41-A880-0A336A71165C}.AppStore|Any CPU.Build.0 = Release|Any CPU
		{49967B6B-1B1F-4D41-A880-0A336A71165C}.AppStore|Any CPU.Deploy.0 = Release|Any CPU
		{49967B6B-1B1F-4D41-A880-0A336A71165C}.AppStore|ARM.ActiveCfg = Release|Any CPU
		{49967B6B-1B1F-4D41-A880-0A336A71165C}.AppStore|ARM.Build.0 = Release|Any CPU
		{49967B6B-1B1F-4D41-A880-0A336A71165C}.AppStore|ARM.Deploy.0 = Release|Any CPU
		{49967B6B-1B1F-4D41-A880-0A336A71165C}.AppStore|iPhone.ActiveCfg = Release|Any CPU
		{49967B6B-1B1F-4D41-A880-0A336A71165C}.AppStore|iPhone.Build.0 = Release|Any CPU
		{49967B6B-1B1F-4D41-A880-0A336A71165C}.AppStore|iPhone.Deploy.0 = Release|Any CPU
		{49967B6B-1B1F-4D41-A880-0A336A71165C}.AppStore|iPhoneSimulator.ActiveCfg = Release|Any CPU
		{49967B6B-1B1F-4D41-A880-0A336A71165C}.AppStore|iPhoneSimulator.Build.0 = Release|Any CPU
		{49967B6B-1B1F-4D41-A880-0A336A71165C}.AppStore|iPhoneSimulator.Deploy.0 = Release|Any CPU
		{49967B6B-1B1F-4D41-A880-0A336A71165C}.AppStore|x64.ActiveCfg = Release|Any CPU
		{49967B6B-1B1F-4D41-A880-0A336A71165C}.AppStore|x64.Build.0 = Release|Any CPU
		{49967B6B-1B1F-4D41-A880-0A336A71165C}.AppStore|x64.Deploy.0 = Release|Any CPU
		{49967B6B-1B1F-4D41-A880-0A336A71165C}.AppStore|x86.ActiveCfg = Release|Any CPU
		{49967B6B-1B1F-4D41-A880-0A336A71165C}.AppStore|x86.Build.0 = Release|Any CPU
		{49967B6B-1B1F-4D41-A880-0A336A71165C}.AppStore|x86.Deploy.0 = Release|Any CPU
		{49967B6B-1B1F-4D41-A880-0A336A71165C}.Debug|Any CPU.ActiveCfg = Debug|Any CPU
		{49967B6B-1B1F-4D41-A880-0A336A71165C}.Debug|Any CPU.Build.0 = Debug|Any CPU
		{49967B6B-1B1F-4D41-A880-0A336A71165C}.Debug|Any CPU.Deploy.0 = Debug|Any CPU
		{49967B6B-1B1F-4D41-A880-0A336A71165C}.Debug|ARM.ActiveCfg = Debug|Any CPU
		{49967B6B-1B1F-4D41-A880-0A336A71165C}.Debug|ARM.Build.0 = Debug|Any CPU
		{49967B6B-1B1F-4D41-A880-0A336A71165C}.Debug|ARM.Deploy.0 = Debug|Any CPU
		{49967B6B-1B1F-4D41-A880-0A336A71165C}.Debug|iPhone.ActiveCfg = Debug|Any CPU
		{49967B6B-1B1F-4D41-A880-0A336A71165C}.Debug|iPhone.Build.0 = Debug|Any CPU
		{49967B6B-1B1F-4D41-A880-0A336A71165C}.Debug|iPhone.Deploy.0 = Debug|Any CPU
		{49967B6B-1B1F-4D41-A880-0A336A71165C}.Debug|iPhoneSimulator.ActiveCfg = Debug|Any CPU
		{49967B6B-1B1F-4D41-A880-0A336A71165C}.Debug|iPhoneSimulator.Build.0 = Debug|Any CPU
		{49967B6B-1B1F-4D41-A880-0A336A71165C}.Debug|iPhoneSimulator.Deploy.0 = Debug|Any CPU
		{49967B6B-1B1F-4D41-A880-0A336A71165C}.Debug|x64.ActiveCfg = Debug|Any CPU
		{49967B6B-1B1F-4D41-A880-0A336A71165C}.Debug|x64.Build.0 = Debug|Any CPU
		{49967B6B-1B1F-4D41-A880-0A336A71165C}.Debug|x64.Deploy.0 = Debug|Any CPU
		{49967B6B-1B1F-4D41-A880-0A336A71165C}.Debug|x86.ActiveCfg = Debug|Any CPU
		{49967B6B-1B1F-4D41-A880-0A336A71165C}.Debug|x86.Build.0 = Debug|Any CPU
		{49967B6B-1B1F-4D41-A880-0A336A71165C}.Debug|x86.Deploy.0 = Debug|Any CPU
		{49967B6B-1B1F-4D41-A880-0A336A71165C}.Release|Any CPU.ActiveCfg = Release|Any CPU
		{49967B6B-1B1F-4D41-A880-0A336A71165C}.Release|Any CPU.Build.0 = Release|Any CPU
		{49967B6B-1B1F-4D41-A880-0A336A71165C}.Release|Any CPU.Deploy.0 = Release|Any CPU
		{49967B6B-1B1F-4D41-A880-0A336A71165C}.Release|ARM.ActiveCfg = Release|Any CPU
		{49967B6B-1B1F-4D41-A880-0A336A71165C}.Release|ARM.Build.0 = Release|Any CPU
		{49967B6B-1B1F-4D41-A880-0A336A71165C}.Release|ARM.Deploy.0 = Release|Any CPU
		{49967B6B-1B1F-4D41-A880-0A336A71165C}.Release|iPhone.ActiveCfg = Release|Any CPU
		{49967B6B-1B1F-4D41-A880-0A336A71165C}.Release|iPhone.Build.0 = Release|Any CPU
		{49967B6B-1B1F-4D41-A880-0A336A71165C}.Release|iPhone.Deploy.0 = Release|Any CPU
		{49967B6B-1B1F-4D41-A880-0A336A71165C}.Release|iPhoneSimulator.ActiveCfg = Release|Any CPU
		{49967B6B-1B1F-4D41-A880-0A336A71165C}.Release|iPhoneSimulator.Build.0 = Release|Any CPU
		{49967B6B-1B1F-4D41-A880-0A336A71165C}.Release|iPhoneSimulator.Deploy.0 = Release|Any CPU
		{49967B6B-1B1F-4D41-A880-0A336A71165C}.Release|x64.ActiveCfg = Release|Any CPU
		{49967B6B-1B1F-4D41-A880-0A336A71165C}.Release|x64.Build.0 = Release|Any CPU
		{49967B6B-1B1F-4D41-A880-0A336A71165C}.Release|x64.Deploy.0 = Release|Any CPU
		{49967B6B-1B1F-4D41-A880-0A336A71165C}.Release|x86.ActiveCfg = Release|Any CPU
		{49967B6B-1B1F-4D41-A880-0A336A71165C}.Release|x86.Build.0 = Release|Any CPU
		{49967B6B-1B1F-4D41-A880-0A336A71165C}.Release|x86.Deploy.0 = Release|Any CPU
		{243FDA22-6777-4145-A71D-9F89C0B2CE5B}.Ad-Hoc|Any CPU.ActiveCfg = Release|Any CPU
		{243FDA22-6777-4145-A71D-9F89C0B2CE5B}.Ad-Hoc|Any CPU.Build.0 = Release|Any CPU
		{243FDA22-6777-4145-A71D-9F89C0B2CE5B}.Ad-Hoc|ARM.ActiveCfg = Release|Any CPU
		{243FDA22-6777-4145-A71D-9F89C0B2CE5B}.Ad-Hoc|ARM.Build.0 = Release|Any CPU
		{243FDA22-6777-4145-A71D-9F89C0B2CE5B}.Ad-Hoc|iPhone.ActiveCfg = Release|Any CPU
		{243FDA22-6777-4145-A71D-9F89C0B2CE5B}.Ad-Hoc|iPhone.Build.0 = Release|Any CPU
		{243FDA22-6777-4145-A71D-9F89C0B2CE5B}.Ad-Hoc|iPhoneSimulator.ActiveCfg = Release|Any CPU
		{243FDA22-6777-4145-A71D-9F89C0B2CE5B}.Ad-Hoc|iPhoneSimulator.Build.0 = Release|Any CPU
		{243FDA22-6777-4145-A71D-9F89C0B2CE5B}.Ad-Hoc|x64.ActiveCfg = Release|Any CPU
		{243FDA22-6777-4145-A71D-9F89C0B2CE5B}.Ad-Hoc|x64.Build.0 = Release|Any CPU
		{243FDA22-6777-4145-A71D-9F89C0B2CE5B}.Ad-Hoc|x86.ActiveCfg = Release|Any CPU
		{243FDA22-6777-4145-A71D-9F89C0B2CE5B}.Ad-Hoc|x86.Build.0 = Release|Any CPU
		{243FDA22-6777-4145-A71D-9F89C0B2CE5B}.AppStore|Any CPU.ActiveCfg = Release|Any CPU
		{243FDA22-6777-4145-A71D-9F89C0B2CE5B}.AppStore|Any CPU.Build.0 = Release|Any CPU
		{243FDA22-6777-4145-A71D-9F89C0B2CE5B}.AppStore|ARM.ActiveCfg = Release|Any CPU
		{243FDA22-6777-4145-A71D-9F89C0B2CE5B}.AppStore|ARM.Build.0 = Release|Any CPU
		{243FDA22-6777-4145-A71D-9F89C0B2CE5B}.AppStore|iPhone.ActiveCfg = Release|Any CPU
		{243FDA22-6777-4145-A71D-9F89C0B2CE5B}.AppStore|iPhone.Build.0 = Release|Any CPU
		{243FDA22-6777-4145-A71D-9F89C0B2CE5B}.AppStore|iPhoneSimulator.ActiveCfg = Release|Any CPU
		{243FDA22-6777-4145-A71D-9F89C0B2CE5B}.AppStore|iPhoneSimulator.Build.0 = Release|Any CPU
		{243FDA22-6777-4145-A71D-9F89C0B2CE5B}.AppStore|x64.ActiveCfg = Release|Any CPU
		{243FDA22-6777-4145-A71D-9F89C0B2CE5B}.AppStore|x64.Build.0 = Release|Any CPU
		{243FDA22-6777-4145-A71D-9F89C0B2CE5B}.AppStore|x86.ActiveCfg = Release|Any CPU
		{243FDA22-6777-4145-A71D-9F89C0B2CE5B}.AppStore|x86.Build.0 = Release|Any CPU
		{243FDA22-6777-4145-A71D-9F89C0B2CE5B}.Debug|Any CPU.ActiveCfg = Debug|Any CPU
		{243FDA22-6777-4145-A71D-9F89C0B2CE5B}.Debug|Any CPU.Build.0 = Debug|Any CPU
		{243FDA22-6777-4145-A71D-9F89C0B2CE5B}.Debug|ARM.ActiveCfg = Debug|Any CPU
		{243FDA22-6777-4145-A71D-9F89C0B2CE5B}.Debug|ARM.Build.0 = Debug|Any CPU
		{243FDA22-6777-4145-A71D-9F89C0B2CE5B}.Debug|iPhone.ActiveCfg = Debug|Any CPU
		{243FDA22-6777-4145-A71D-9F89C0B2CE5B}.Debug|iPhone.Build.0 = Debug|Any CPU
		{243FDA22-6777-4145-A71D-9F89C0B2CE5B}.Debug|iPhoneSimulator.ActiveCfg = Debug|Any CPU
		{243FDA22-6777-4145-A71D-9F89C0B2CE5B}.Debug|iPhoneSimulator.Build.0 = Debug|Any CPU
		{243FDA22-6777-4145-A71D-9F89C0B2CE5B}.Debug|x64.ActiveCfg = Debug|Any CPU
		{243FDA22-6777-4145-A71D-9F89C0B2CE5B}.Debug|x64.Build.0 = Debug|Any CPU
		{243FDA22-6777-4145-A71D-9F89C0B2CE5B}.Debug|x86.ActiveCfg = Debug|Any CPU
		{243FDA22-6777-4145-A71D-9F89C0B2CE5B}.Debug|x86.Build.0 = Debug|Any CPU
		{243FDA22-6777-4145-A71D-9F89C0B2CE5B}.Release|Any CPU.ActiveCfg = Release|Any CPU
		{243FDA22-6777-4145-A71D-9F89C0B2CE5B}.Release|Any CPU.Build.0 = Release|Any CPU
		{243FDA22-6777-4145-A71D-9F89C0B2CE5B}.Release|ARM.ActiveCfg = Release|Any CPU
		{243FDA22-6777-4145-A71D-9F89C0B2CE5B}.Release|ARM.Build.0 = Release|Any CPU
		{243FDA22-6777-4145-A71D-9F89C0B2CE5B}.Release|iPhone.ActiveCfg = Release|Any CPU
		{243FDA22-6777-4145-A71D-9F89C0B2CE5B}.Release|iPhone.Build.0 = Release|Any CPU
		{243FDA22-6777-4145-A71D-9F89C0B2CE5B}.Release|iPhoneSimulator.ActiveCfg = Release|Any CPU
		{243FDA22-6777-4145-A71D-9F89C0B2CE5B}.Release|iPhoneSimulator.Build.0 = Release|Any CPU
		{243FDA22-6777-4145-A71D-9F89C0B2CE5B}.Release|x64.ActiveCfg = Release|Any CPU
		{243FDA22-6777-4145-A71D-9F89C0B2CE5B}.Release|x64.Build.0 = Release|Any CPU
		{243FDA22-6777-4145-A71D-9F89C0B2CE5B}.Release|x86.ActiveCfg = Release|Any CPU
		{243FDA22-6777-4145-A71D-9F89C0B2CE5B}.Release|x86.Build.0 = Release|Any CPU
		{DA4A2ED0-164E-4C0A-BD21-C42EB7DDFC63}.Ad-Hoc|Any CPU.ActiveCfg = Release|Any CPU
		{DA4A2ED0-164E-4C0A-BD21-C42EB7DDFC63}.Ad-Hoc|Any CPU.Build.0 = Release|Any CPU
		{DA4A2ED0-164E-4C0A-BD21-C42EB7DDFC63}.Ad-Hoc|ARM.ActiveCfg = Release|Any CPU
		{DA4A2ED0-164E-4C0A-BD21-C42EB7DDFC63}.Ad-Hoc|ARM.Build.0 = Release|Any CPU
		{DA4A2ED0-164E-4C0A-BD21-C42EB7DDFC63}.Ad-Hoc|iPhone.ActiveCfg = Release|Any CPU
		{DA4A2ED0-164E-4C0A-BD21-C42EB7DDFC63}.Ad-Hoc|iPhone.Build.0 = Release|Any CPU
		{DA4A2ED0-164E-4C0A-BD21-C42EB7DDFC63}.Ad-Hoc|iPhoneSimulator.ActiveCfg = Release|Any CPU
		{DA4A2ED0-164E-4C0A-BD21-C42EB7DDFC63}.Ad-Hoc|iPhoneSimulator.Build.0 = Release|Any CPU
		{DA4A2ED0-164E-4C0A-BD21-C42EB7DDFC63}.Ad-Hoc|x64.ActiveCfg = Release|Any CPU
		{DA4A2ED0-164E-4C0A-BD21-C42EB7DDFC63}.Ad-Hoc|x64.Build.0 = Release|Any CPU
		{DA4A2ED0-164E-4C0A-BD21-C42EB7DDFC63}.Ad-Hoc|x86.ActiveCfg = Release|Any CPU
		{DA4A2ED0-164E-4C0A-BD21-C42EB7DDFC63}.Ad-Hoc|x86.Build.0 = Release|Any CPU
		{DA4A2ED0-164E-4C0A-BD21-C42EB7DDFC63}.AppStore|Any CPU.ActiveCfg = Release|Any CPU
		{DA4A2ED0-164E-4C0A-BD21-C42EB7DDFC63}.AppStore|Any CPU.Build.0 = Release|Any CPU
		{DA4A2ED0-164E-4C0A-BD21-C42EB7DDFC63}.AppStore|ARM.ActiveCfg = Release|Any CPU
		{DA4A2ED0-164E-4C0A-BD21-C42EB7DDFC63}.AppStore|ARM.Build.0 = Release|Any CPU
		{DA4A2ED0-164E-4C0A-BD21-C42EB7DDFC63}.AppStore|iPhone.ActiveCfg = Release|Any CPU
		{DA4A2ED0-164E-4C0A-BD21-C42EB7DDFC63}.AppStore|iPhone.Build.0 = Release|Any CPU
		{DA4A2ED0-164E-4C0A-BD21-C42EB7DDFC63}.AppStore|iPhoneSimulator.ActiveCfg = Release|Any CPU
		{DA4A2ED0-164E-4C0A-BD21-C42EB7DDFC63}.AppStore|iPhoneSimulator.Build.0 = Release|Any CPU
		{DA4A2ED0-164E-4C0A-BD21-C42EB7DDFC63}.AppStore|x64.ActiveCfg = Release|Any CPU
		{DA4A2ED0-164E-4C0A-BD21-C42EB7DDFC63}.AppStore|x64.Build.0 = Release|Any CPU
		{DA4A2ED0-164E-4C0A-BD21-C42EB7DDFC63}.AppStore|x86.ActiveCfg = Release|Any CPU
		{DA4A2ED0-164E-4C0A-BD21-C42EB7DDFC63}.AppStore|x86.Build.0 = Release|Any CPU
		{DA4A2ED0-164E-4C0A-BD21-C42EB7DDFC63}.Debug|Any CPU.ActiveCfg = Debug|Any CPU
		{DA4A2ED0-164E-4C0A-BD21-C42EB7DDFC63}.Debug|Any CPU.Build.0 = Debug|Any CPU
		{DA4A2ED0-164E-4C0A-BD21-C42EB7DDFC63}.Debug|ARM.ActiveCfg = Debug|Any CPU
		{DA4A2ED0-164E-4C0A-BD21-C42EB7DDFC63}.Debug|ARM.Build.0 = Debug|Any CPU
		{DA4A2ED0-164E-4C0A-BD21-C42EB7DDFC63}.Debug|iPhone.ActiveCfg = Debug|Any CPU
		{DA4A2ED0-164E-4C0A-BD21-C42EB7DDFC63}.Debug|iPhone.Build.0 = Debug|Any CPU
		{DA4A2ED0-164E-4C0A-BD21-C42EB7DDFC63}.Debug|iPhoneSimulator.ActiveCfg = Debug|Any CPU
		{DA4A2ED0-164E-4C0A-BD21-C42EB7DDFC63}.Debug|iPhoneSimulator.Build.0 = Debug|Any CPU
		{DA4A2ED0-164E-4C0A-BD21-C42EB7DDFC63}.Debug|x64.ActiveCfg = Debug|Any CPU
		{DA4A2ED0-164E-4C0A-BD21-C42EB7DDFC63}.Debug|x64.Build.0 = Debug|Any CPU
		{DA4A2ED0-164E-4C0A-BD21-C42EB7DDFC63}.Debug|x86.ActiveCfg = Debug|Any CPU
		{DA4A2ED0-164E-4C0A-BD21-C42EB7DDFC63}.Debug|x86.Build.0 = Debug|Any CPU
		{DA4A2ED0-164E-4C0A-BD21-C42EB7DDFC63}.Release|Any CPU.ActiveCfg = Release|Any CPU
		{DA4A2ED0-164E-4C0A-BD21-C42EB7DDFC63}.Release|Any CPU.Build.0 = Release|Any CPU
		{DA4A2ED0-164E-4C0A-BD21-C42EB7DDFC63}.Release|ARM.ActiveCfg = Release|Any CPU
		{DA4A2ED0-164E-4C0A-BD21-C42EB7DDFC63}.Release|ARM.Build.0 = Release|Any CPU
		{DA4A2ED0-164E-4C0A-BD21-C42EB7DDFC63}.Release|iPhone.ActiveCfg = Release|Any CPU
		{DA4A2ED0-164E-4C0A-BD21-C42EB7DDFC63}.Release|iPhone.Build.0 = Release|Any CPU
		{DA4A2ED0-164E-4C0A-BD21-C42EB7DDFC63}.Release|iPhoneSimulator.ActiveCfg = Release|Any CPU
		{DA4A2ED0-164E-4C0A-BD21-C42EB7DDFC63}.Release|iPhoneSimulator.Build.0 = Release|Any CPU
		{DA4A2ED0-164E-4C0A-BD21-C42EB7DDFC63}.Release|x64.ActiveCfg = Release|Any CPU
		{DA4A2ED0-164E-4C0A-BD21-C42EB7DDFC63}.Release|x64.Build.0 = Release|Any CPU
		{DA4A2ED0-164E-4C0A-BD21-C42EB7DDFC63}.Release|x86.ActiveCfg = Release|Any CPU
		{DA4A2ED0-164E-4C0A-BD21-C42EB7DDFC63}.Release|x86.Build.0 = Release|Any CPU
	EndGlobalSection
	GlobalSection(SolutionProperties) = preSolution
		HideSolutionNode = FALSE
	EndGlobalSection
	GlobalSection(NestedProjects) = preSolution
		{493DF8F5-445F-470E-9034-00F896A02D5B} = {8AD601BB-7B94-4E71-A966-EA85EC139835}
		{49967B6B-1B1F-4D41-A880-0A336A71165C} = {8AD601BB-7B94-4E71-A966-EA85EC139835}
		{243FDA22-6777-4145-A71D-9F89C0B2CE5B} = {1147EABE-8738-401E-9ED9-8D4FDDBD0A34}
		{DA4A2ED0-164E-4C0A-BD21-C42EB7DDFC63} = {1147EABE-8738-401E-9ED9-8D4FDDBD0A34}
	EndGlobalSection
	GlobalSection(ExtensibilityGlobals) = postSolution
		SolutionGuid = {726B9031-82F1-4BC8-AE67-94F2B9D0CE05}
	EndGlobalSection
EndGlobal
